
Microsoft Visual Studio Solution File, Format Version 12.00
# Visual Studio Version 17
VisualStudioVersion = 17.11.35222.181
MinimumVisualStudioVersion = 10.0.40219.1
Project("{FAE04EC0-301F-11D3-BF4B-00C04F79EFBC}") = "ApiBackPruebaTec", "ApiBackPruebaTec\ApiBackPruebaTec.csproj", "{1DB17D7C-11CA-4709-84C6-DB6F6F7540F9}"
EndProject
Global
	GlobalSection(SolutionConfigurationPlatforms) = preSolution
		Debug|Any CPU = Debug|Any CPU
		Release|Any CPU = Release|Any CPU
	EndGlobalSection
	GlobalSection(ProjectConfigurationPlatforms) = postSolution
		{1DB17D7C-11CA-4709-84C6-DB6F6F7540F9}.Debug|Any CPU.ActiveCfg = Debug|Any CPU
		{1DB17D7C-11CA-4709-84C6-DB6F6F7540F9}.Debug|Any CPU.Build.0 = Debug|Any CPU
		{1DB17D7C-11CA-4709-84C6-DB6F6F7540F9}.Release|Any CPU.ActiveCfg = Release|Any CPU
		{1DB17D7C-11CA-4709-84C6-DB6F6F7540F9}.Release|Any CPU.Build.0 = Release|Any CPU
	EndGlobalSection
	GlobalSection(SolutionProperties) = preSolution
		HideSolutionNode = FALSE
	EndGlobalSection
	GlobalSection(ExtensibilityGlobals) = postSolution
		SolutionGuid = {6BDCD7EC-48F9-429D-93FF-193124EB1AFD}
	EndGlobalSection
EndGlobal
